# This file is automatically @generated by Cargo.
# It is not intended for manual editing.
version = 3

[[package]]
name = "main"
version = "0.1.0"
dependencies = [
 "um1",
 "um2",
 "um3",
 "ums",
]

[[package]]
name = "um1"
version = "0.1.0"

[[package]]
name = "um2"
version = "0.1.0"

[[package]]
name = "um3"
version = "0.1.0"

[[package]]
name = "ums"
version = "0.1.0"
